
Microsoft Visual Studio Solution File, Format Version 12.00
# Visual Studio Version 17
VisualStudioVersion = 17.0.31903.59
MinimumVisualStudioVersion = 10.0.40219.1
Project("{2150E333-8FDC-42A3-9474-1A3956D46DE8}") = "src", "src", "{827E0CD3-B72D-47B6-A68D-7590B98EB39B}"
EndProject
Project("{FAE04EC0-301F-11D3-BF4B-00C04F79EFBC}") = "RayTree.Core", "src\RayTree.Core\RayTree.Core.csproj", "{5DE7C181-195F-4F49-9FF0-814F59814D2F}"
EndProject
Project("{FAE04EC0-301F-11D3-BF4B-00C04F79EFBC}") = "RayTree.EntityFrameworkCore", "src\RayTree.EntityFrameworkCore\RayTree.EntityFrameworkCore.csproj", "{AE045EED-FDCC-4284-A96E-E73378FC07F0}"
EndProject
Project("{FAE04EC0-301F-11D3-BF4B-00C04F79EFBC}") = "RayTree.Hosting", "src\RayTree.Hosting\RayTree.Hosting.csproj", "{FC5D7FC3-D0DF-4959-A77C-2D364C938DF5}"
EndProject
Project("{FAE04EC0-301F-11D3-BF4B-00C04F79EFBC}") = "RayTree.Plugins.PostgreSQL", "src\RayTree.Plugins.PostgreSQL\RayTree.Plugins.PostgreSQL.csproj", "{F4A5731F-3D49-4666-B0E1-2FDEFA1B1239}"
EndProject
Project("{FAE04EC0-301F-11D3-BF4B-00C04F79EFBC}") = "RayTree.Plugins.RabbitMQ", "src\RayTree.Plugins.RabbitMQ\RayTree.Plugins.RabbitMQ.csproj", "{7362A30C-4380-4D9E-B0FD-02771436A5BB}"
EndProject
Project("{FAE04EC0-301F-11D3-BF4B-00C04F79EFBC}") = "RayTree.Plugins.Kafka", "src\RayTree.Plugins.Kafka\RayTree.Plugins.Kafka.csproj", "{48ADCF36-0A69-4DCC-903E-2CB76EBB1C6E}"
EndProject
Project("{FAE04EC0-301F-11D3-BF4B-00C04F79EFBC}") = "RayTree.Plugins.InMemory", "src\RayTree.Plugins.InMemory\RayTree.Plugins.InMemory.csproj", "{A63BDD3D-DC33-45F4-BB7C-1358B9F9B3A4}"
EndProject
Project("{FAE04EC0-301F-11D3-BF4B-00C04F79EFBC}") = "RayTree.Plugins.Serializers.Json", "src\RayTree.Plugins.Serializers.Json\RayTree.Plugins.Serializers.Json.csproj", "{BAA60949-F432-4B98-A1FA-85283F0D6698}"
EndProject
Project("{FAE04EC0-301F-11D3-BF4B-00C04F79EFBC}") = "RayTree.Plugins.Serializers.Protobuf", "src\RayTree.Plugins.Serializers.Protobuf\RayTree.Plugins.Serializers.Protobuf.csproj", "{39B59DEB-1148-4DBE-8BE6-D8BC7EC70785}"
EndProject
Project("{FAE04EC0-301F-11D3-BF4B-00C04F79EFBC}") = "RayTree.Plugins.Serializers.MessagePack", "src\RayTree.Plugins.Serializers.MessagePack\RayTree.Plugins.Serializers.MessagePack.csproj", "{9D0EF585-3A62-4EB9-97DE-62EB1400681B}"
EndProject
Project("{FAE04EC0-301F-11D3-BF4B-00C04F79EFBC}") = "RayTree.Plugins.Compressors.Gzip", "src\RayTree.Plugins.Compressors.Gzip\RayTree.Plugins.Compressors.Gzip.csproj", "{34D01714-B73F-4878-9F38-9C77353AEB47}"
EndProject
Project("{FAE04EC0-301F-11D3-BF4B-00C04F79EFBC}") = "RayTree.Plugins.Compressors.Brotli", "src\RayTree.Plugins.Compressors.Brotli\RayTree.Plugins.Compressors.Brotli.csproj", "{FAF55792-BC89-4E34-BDF8-5726108082D4}"
EndProject
Project("{FAE04EC0-301F-11D3-BF4B-00C04F79EFBC}") = "RayTree.Plugins.Compressors.Lz4", "src\RayTree.Plugins.Compressors.Lz4\RayTree.Plugins.Compressors.Lz4.csproj", "{DB93F916-1EEE-414E-A31D-A130DD2EA91A}"
EndProject
Project("{2150E333-8FDC-42A3-9474-1A3956D46DE8}") = "tests", "tests", "{0AB3BF05-4346-4AA6-1389-037BE0695223}"
EndProject
Project("{FAE04EC0-301F-11D3-BF4B-00C04F79EFBC}") = "RayTree.Core.Tests", "tests\RayTree.Core.Tests\RayTree.Core.Tests.csproj", "{B4933D7D-2A96-4DED-ADD1-D947E6050F45}"
EndProject
Project("{FAE04EC0-301F-11D3-BF4B-00C04F79EFBC}") = "RayTree.EntityFrameworkCore.Tests", "tests\RayTree.EntityFrameworkCore.Tests\RayTree.EntityFrameworkCore.Tests.csproj", "{8A878317-6AAE-4CA4-B305-F9B2526AAB03}"
EndProject
Project("{FAE04EC0-301F-11D3-BF4B-00C04F79EFBC}") = "RayTree.Plugins.PostgreSQL.Tests", "tests\RayTree.Plugins.PostgreSQL.Tests\RayTree.Plugins.PostgreSQL.Tests.csproj", "{C60719B4-F3DC-457A-91E7-82B5D87F05C1}"
EndProject
Project("{FAE04EC0-301F-11D3-BF4B-00C04F79EFBC}") = "RayTree.Plugins.RabbitMQ.Tests", "tests\RayTree.Plugins.RabbitMQ.Tests\RayTree.Plugins.RabbitMQ.Tests.csproj", "{E600397B-0BA4-4ED5-8422-F9028B88ED29}"
EndProject
Project("{FAE04EC0-301F-11D3-BF4B-00C04F79EFBC}") = "RayTree.Plugins.Kafka.Tests", "tests\RayTree.Plugins.Kafka.Tests\RayTree.Plugins.Kafka.Tests.csproj", "{12B10C21-FCDD-44B5-B332-176D86FE8CF9}"
EndProject
Project("{FAE04EC0-301F-11D3-BF4B-00C04F79EFBC}") = "RayTree.Plugins.Serializers.Json.Tests", "tests\RayTree.Plugins.Serializers.Json.Tests\RayTree.Plugins.Serializers.Json.Tests.csproj", "{7CE64786-9F7F-4911-B4B5-42F48B9B863B}"
EndProject
Project("{FAE04EC0-301F-11D3-BF4B-00C04F79EFBC}") = "RayTree.Plugins.Serializers.Protobuf.Tests", "tests\RayTree.Plugins.Serializers.Protobuf.Tests\RayTree.Plugins.Serializers.Protobuf.Tests.csproj", "{30B5479C-D498-49A3-8E1E-561E3DA1F51A}"
EndProject
Project("{FAE04EC0-301F-11D3-BF4B-00C04F79EFBC}") = "RayTree.Plugins.Serializers.MessagePack.Tests", "tests\RayTree.Plugins.Serializers.MessagePack.Tests\RayTree.Plugins.Serializers.MessagePack.Tests.csproj", "{EF9A67D8-A547-424B-8436-421D443C4A5B}"
EndProject
Project("{FAE04EC0-301F-11D3-BF4B-00C04F79EFBC}") = "RayTree.Plugins.Compressors.Gzip.Tests", "tests\RayTree.Plugins.Compressors.Gzip.Tests\RayTree.Plugins.Compressors.Gzip.Tests.csproj", "{60B40D4D-5E40-421D-8E1B-7379801D8F34}"
EndProject
Project("{FAE04EC0-301F-11D3-BF4B-00C04F79EFBC}") = "RayTree.Plugins.Compressors.Brotli.Tests", "tests\RayTree.Plugins.Compressors.Brotli.Tests\RayTree.Plugins.Compressors.Brotli.Tests.csproj", "{777B2A25-BE79-49C1-B216-3C5FB0C4DC19}"
EndProject
Project("{FAE04EC0-301F-11D3-BF4B-00C04F79EFBC}") = "RayTree.Plugins.Compressors.Lz4.Tests", "tests\RayTree.Plugins.Compressors.Lz4.Tests\RayTree.Plugins.Compressors.Lz4.Tests.csproj", "{DAFA7D07-DCD4-4F49-B2CE-9D6C5C0A2301}"
EndProject
Project("{FAE04EC0-301F-11D3-BF4B-00C04F79EFBC}") = "RayTree.Plugins.InMemory.Tests", "tests\RayTree.Plugins.InMemory.Tests\RayTree.Plugins.InMemory.Tests.csproj", "{16BB0B57-7689-4B63-A9E8-721A148BEEA0}"
EndProject
Project("{2150E333-8FDC-42A3-9474-1A3956D46DE8}") = "Solution items", "Solution items", "{ABB19DCF-40D6-40A1-9A4C-F310E3CEF46B}"
	ProjectSection(SolutionItems) = preProject
		.editorconfig = .editorconfig
		.gitignore = .gitignore
		Directory.Build.props = Directory.Build.props
		Directory.Packages.props = Directory.Packages.props
		NuGet.config = NuGet.config
		.github\workflows\ci.yml = .github\workflows\ci.yml
		CLAUDE.md = CLAUDE.md
	EndProjectSection
EndProject
Global
	GlobalSection(SolutionConfigurationPlatforms) = preSolution
		Debug|Any CPU = Debug|Any CPU
		Debug|x64 = Debug|x64
		Debug|x86 = Debug|x86
		Release|Any CPU = Release|Any CPU
		Release|x64 = Release|x64
		Release|x86 = Release|x86
	EndGlobalSection
	GlobalSection(ProjectConfigurationPlatforms) = postSolution
		{5DE7C181-195F-4F49-9FF0-814F59814D2F}.Debug|Any CPU.ActiveCfg = Debug|Any CPU
		{5DE7C181-195F-4F49-9FF0-814F59814D2F}.Debug|Any CPU.Build.0 = Debug|Any CPU
		{5DE7C181-195F-4F49-9FF0-814F59814D2F}.Debug|x64.ActiveCfg = Debug|Any CPU
		{5DE7C181-195F-4F49-9FF0-814F59814D2F}.Debug|x64.Build.0 = Debug|Any CPU
		{5DE7C181-195F-4F49-9FF0-814F59814D2F}.Debug|x86.ActiveCfg = Debug|Any CPU
		{5DE7C181-195F-4F49-9FF0-814F59814D2F}.Debug|x86.Build.0 = Debug|Any CPU
		{5DE7C181-195F-4F49-9FF0-814F59814D2F}.Release|Any CPU.ActiveCfg = Release|Any CPU
		{5DE7C181-195F-4F49-9FF0-814F59814D2F}.Release|Any CPU.Build.0 = Release|Any CPU
		{5DE7C181-195F-4F49-9FF0-814F59814D2F}.Release|x64.ActiveCfg = Release|Any CPU
		{5DE7C181-195F-4F49-9FF0-814F59814D2F}.Release|x64.Build.0 = Release|Any CPU
		{5DE7C181-195F-4F49-9FF0-814F59814D2F}.Release|x86.ActiveCfg = Release|Any CPU
		{5DE7C181-195F-4F49-9FF0-814F59814D2F}.Release|x86.Build.0 = Release|Any CPU
		{AE045EED-FDCC-4284-A96E-E73378FC07F0}.Debug|Any CPU.ActiveCfg = Debug|Any CPU
		{AE045EED-FDCC-4284-A96E-E73378FC07F0}.Debug|Any CPU.Build.0 = Debug|Any CPU
		{AE045EED-FDCC-4284-A96E-E73378FC07F0}.Debug|x64.ActiveCfg = Debug|Any CPU
		{AE045EED-FDCC-4284-A96E-E73378FC07F0}.Debug|x64.Build.0 = Debug|Any CPU
		{AE045EED-FDCC-4284-A96E-E73378FC07F0}.Debug|x86.ActiveCfg = Debug|Any CPU
		{AE045EED-FDCC-4284-A96E-E73378FC07F0}.Debug|x86.Build.0 = Debug|Any CPU
		{AE045EED-FDCC-4284-A96E-E73378FC07F0}.Release|Any CPU.ActiveCfg = Release|Any CPU
		{AE045EED-FDCC-4284-A96E-E73378FC07F0}.Release|Any CPU.Build.0 = Release|Any CPU
		{AE045EED-FDCC-4284-A96E-E73378FC07F0}.Release|x64.ActiveCfg = Release|Any CPU
		{AE045EED-FDCC-4284-A96E-E73378FC07F0}.Release|x64.Build.0 = Release|Any CPU
		{AE045EED-FDCC-4284-A96E-E73378FC07F0}.Release|x86.ActiveCfg = Release|Any CPU
		{AE045EED-FDCC-4284-A96E-E73378FC07F0}.Release|x86.Build.0 = Release|Any CPU
		{FC5D7FC3-D0DF-4959-A77C-2D364C938DF5}.Debug|Any CPU.ActiveCfg = Debug|Any CPU
		{FC5D7FC3-D0DF-4959-A77C-2D364C938DF5}.Debug|Any CPU.Build.0 = Debug|Any CPU
		{FC5D7FC3-D0DF-4959-A77C-2D364C938DF5}.Debug|x64.ActiveCfg = Debug|Any CPU
		{FC5D7FC3-D0DF-4959-A77C-2D364C938DF5}.Debug|x64.Build.0 = Debug|Any CPU
		{FC5D7FC3-D0DF-4959-A77C-2D364C938DF5}.Debug|x86.ActiveCfg = Debug|Any CPU
		{FC5D7FC3-D0DF-4959-A77C-2D364C938DF5}.Debug|x86.Build.0 = Debug|Any CPU
		{FC5D7FC3-D0DF-4959-A77C-2D364C938DF5}.Release|Any CPU.ActiveCfg = Release|Any CPU
		{FC5D7FC3-D0DF-4959-A77C-2D364C938DF5}.Release|Any CPU.Build.0 = Release|Any CPU
		{FC5D7FC3-D0DF-4959-A77C-2D364C938DF5}.Release|x64.ActiveCfg = Release|Any CPU
		{FC5D7FC3-D0DF-4959-A77C-2D364C938DF5}.Release|x64.Build.0 = Release|Any CPU
		{FC5D7FC3-D0DF-4959-A77C-2D364C938DF5}.Release|x86.ActiveCfg = Release|Any CPU
		{FC5D7FC3-D0DF-4959-A77C-2D364C938DF5}.Release|x86.Build.0 = Release|Any CPU
		{F4A5731F-3D49-4666-B0E1-2FDEFA1B1239}.Debug|Any CPU.ActiveCfg = Debug|Any CPU
		{F4A5731F-3D49-4666-B0E1-2FDEFA1B1239}.Debug|Any CPU.Build.0 = Debug|Any CPU
		{F4A5731F-3D49-4666-B0E1-2FDEFA1B1239}.Debug|x64.ActiveCfg = Debug|Any CPU
		{F4A5731F-3D49-4666-B0E1-2FDEFA1B1239}.Debug|x64.Build.0 = Debug|Any CPU
		{F4A5731F-3D49-4666-B0E1-2FDEFA1B1239}.Debug|x86.ActiveCfg = Debug|Any CPU
		{F4A5731F-3D49-4666-B0E1-2FDEFA1B1239}.Debug|x86.Build.0 = Debug|Any CPU
		{F4A5731F-3D49-4666-B0E1-2FDEFA1B1239}.Release|Any CPU.ActiveCfg = Release|Any CPU
		{F4A5731F-3D49-4666-B0E1-2FDEFA1B1239}.Release|Any CPU.Build.0 = Release|Any CPU
		{F4A5731F-3D49-4666-B0E1-2FDEFA1B1239}.Release|x64.ActiveCfg = Release|Any CPU
		{F4A5731F-3D49-4666-B0E1-2FDEFA1B1239}.Release|x64.Build.0 = Release|Any CPU
		{F4A5731F-3D49-4666-B0E1-2FDEFA1B1239}.Release|x86.ActiveCfg = Release|Any CPU
		{F4A5731F-3D49-4666-B0E1-2FDEFA1B1239}.Release|x86.Build.0 = Release|Any CPU
		{7362A30C-4380-4D9E-B0FD-02771436A5BB}.Debug|Any CPU.ActiveCfg = Debug|Any CPU
		{7362A30C-4380-4D9E-B0FD-02771436A5BB}.Debug|Any CPU.Build.0 = Debug|Any CPU
		{7362A30C-4380-4D9E-B0FD-02771436A5BB}.Debug|x64.ActiveCfg = Debug|Any CPU
		{7362A30C-4380-4D9E-B0FD-02771436A5BB}.Debug|x64.Build.0 = Debug|Any CPU
		{7362A30C-4380-4D9E-B0FD-02771436A5BB}.Debug|x86.ActiveCfg = Debug|Any CPU
		{7362A30C-4380-4D9E-B0FD-02771436A5BB}.Debug|x86.Build.0 = Debug|Any CPU
		{7362A30C-4380-4D9E-B0FD-02771436A5BB}.Release|Any CPU.ActiveCfg = Release|Any CPU
		{7362A30C-4380-4D9E-B0FD-02771436A5BB}.Release|Any CPU.Build.0 = Release|Any CPU
		{7362A30C-4380-4D9E-B0FD-02771436A5BB}.Release|x64.ActiveCfg = Release|Any CPU
		{7362A30C-4380-4D9E-B0FD-02771436A5BB}.Release|x64.Build.0 = Release|Any CPU
		{7362A30C-4380-4D9E-B0FD-02771436A5BB}.Release|x86.ActiveCfg = Release|Any CPU
		{7362A30C-4380-4D9E-B0FD-02771436A5BB}.Release|x86.Build.0 = Release|Any CPU
		{48ADCF36-0A69-4DCC-903E-2CB76EBB1C6E}.Debug|Any CPU.ActiveCfg = Debug|Any CPU
		{48ADCF36-0A69-4DCC-903E-2CB76EBB1C6E}.Debug|Any CPU.Build.0 = Debug|Any CPU
		{48ADCF36-0A69-4DCC-903E-2CB76EBB1C6E}.Debug|x64.ActiveCfg = Debug|Any CPU
		{48ADCF36-0A69-4DCC-903E-2CB76EBB1C6E}.Debug|x64.Build.0 = Debug|Any CPU
		{48ADCF36-0A69-4DCC-903E-2CB76EBB1C6E}.Debug|x86.ActiveCfg = Debug|Any CPU
		{48ADCF36-0A69-4DCC-903E-2CB76EBB1C6E}.Debug|x86.Build.0 = Debug|Any CPU
		{48ADCF36-0A69-4DCC-903E-2CB76EBB1C6E}.Release|Any CPU.ActiveCfg = Release|Any CPU
		{48ADCF36-0A69-4DCC-903E-2CB76EBB1C6E}.Release|Any CPU.Build.0 = Release|Any CPU
		{48ADCF36-0A69-4DCC-903E-2CB76EBB1C6E}.Release|x64.ActiveCfg = Release|Any CPU
		{48ADCF36-0A69-4DCC-903E-2CB76EBB1C6E}.Release|x64.Build.0 = Release|Any CPU
		{48ADCF36-0A69-4DCC-903E-2CB76EBB1C6E}.Release|x86.ActiveCfg = Release|Any CPU
		{48ADCF36-0A69-4DCC-903E-2CB76EBB1C6E}.Release|x86.Build.0 = Release|Any CPU
		{A63BDD3D-DC33-45F4-BB7C-1358B9F9B3A4}.Debug|Any CPU.ActiveCfg = Debug|Any CPU
		{A63BDD3D-DC33-45F4-BB7C-1358B9F9B3A4}.Debug|Any CPU.Build.0 = Debug|Any CPU
		{A63BDD3D-DC33-45F4-BB7C-1358B9F9B3A4}.Debug|x64.ActiveCfg = Debug|Any CPU
		{A63BDD3D-DC33-45F4-BB7C-1358B9F9B3A4}.Debug|x64.Build.0 = Debug|Any CPU
		{A63BDD3D-DC33-45F4-BB7C-1358B9F9B3A4}.Debug|x86.ActiveCfg = Debug|Any CPU
		{A63BDD3D-DC33-45F4-BB7C-1358B9F9B3A4}.Debug|x86.Build.0 = Debug|Any CPU
		{A63BDD3D-DC33-45F4-BB7C-1358B9F9B3A4}.Release|Any CPU.ActiveCfg = Release|Any CPU
		{A63BDD3D-DC33-45F4-BB7C-1358B9F9B3A4}.Release|Any CPU.Build.0 = Release|Any CPU
		{A63BDD3D-DC33-45F4-BB7C-1358B9F9B3A4}.Release|x64.ActiveCfg = Release|Any CPU
		{A63BDD3D-DC33-45F4-BB7C-1358B9F9B3A4}.Release|x64.Build.0 = Release|Any CPU
		{A63BDD3D-DC33-45F4-BB7C-1358B9F9B3A4}.Release|x86.ActiveCfg = Release|Any CPU
		{A63BDD3D-DC33-45F4-BB7C-1358B9F9B3A4}.Release|x86.Build.0 = Release|Any CPU
		{BAA60949-F432-4B98-A1FA-85283F0D6698}.Debug|Any CPU.ActiveCfg = Debug|Any CPU
		{BAA60949-F432-4B98-A1FA-85283F0D6698}.Debug|Any CPU.Build.0 = Debug|Any CPU
		{BAA60949-F432-4B98-A1FA-85283F0D6698}.Debug|x64.ActiveCfg = Debug|Any CPU
		{BAA60949-F432-4B98-A1FA-85283F0D6698}.Debug|x64.Build.0 = Debug|Any CPU
		{BAA60949-F432-4B98-A1FA-85283F0D6698}.Debug|x86.ActiveCfg = Debug|Any CPU
		{BAA60949-F432-4B98-A1FA-85283F0D6698}.Debug|x86.Build.0 = Debug|Any CPU
		{BAA60949-F432-4B98-A1FA-85283F0D6698}.Release|Any CPU.ActiveCfg = Release|Any CPU
		{BAA60949-F432-4B98-A1FA-85283F0D6698}.Release|Any CPU.Build.0 = Release|Any CPU
		{BAA60949-F432-4B98-A1FA-85283F0D6698}.Release|x64.ActiveCfg = Release|Any CPU
		{BAA60949-F432-4B98-A1FA-85283F0D6698}.Release|x64.Build.0 = Release|Any CPU
		{BAA60949-F432-4B98-A1FA-85283F0D6698}.Release|x86.ActiveCfg = Release|Any CPU
		{BAA60949-F432-4B98-A1FA-85283F0D6698}.Release|x86.Build.0 = Release|Any CPU
		{39B59DEB-1148-4DBE-8BE6-D8BC7EC70785}.Debug|Any CPU.ActiveCfg = Debug|Any CPU
		{39B59DEB-1148-4DBE-8BE6-D8BC7EC70785}.Debug|Any CPU.Build.0 = Debug|Any CPU
		{39B59DEB-1148-4DBE-8BE6-D8BC7EC70785}.Debug|x64.ActiveCfg = Debug|Any CPU
		{39B59DEB-1148-4DBE-8BE6-D8BC7EC70785}.Debug|x64.Build.0 = Debug|Any CPU
		{39B59DEB-1148-4DBE-8BE6-D8BC7EC70785}.Debug|x86.ActiveCfg = Debug|Any CPU
		{39B59DEB-1148-4DBE-8BE6-D8BC7EC70785}.Debug|x86.Build.0 = Debug|Any CPU
		{39B59DEB-1148-4DBE-8BE6-D8BC7EC70785}.Release|Any CPU.ActiveCfg = Release|Any CPU
		{39B59DEB-1148-4DBE-8BE6-D8BC7EC70785}.Release|Any CPU.Build.0 = Release|Any CPU
		{39B59DEB-1148-4DBE-8BE6-D8BC7EC70785}.Release|x64.ActiveCfg = Release|Any CPU
		{39B59DEB-1148-4DBE-8BE6-D8BC7EC70785}.Release|x64.Build.0 = Release|Any CPU
		{39B59DEB-1148-4DBE-8BE6-D8BC7EC70785}.Release|x86.ActiveCfg = Release|Any CPU
		{39B59DEB-1148-4DBE-8BE6-D8BC7EC70785}.Release|x86.Build.0 = Release|Any CPU
		{9D0EF585-3A62-4EB9-97DE-62EB1400681B}.Debug|Any CPU.ActiveCfg = Debug|Any CPU
		{9D0EF585-3A62-4EB9-97DE-62EB1400681B}.Debug|Any CPU.Build.0 = Debug|Any CPU
		{9D0EF585-3A62-4EB9-97DE-62EB1400681B}.Debug|x64.ActiveCfg = Debug|Any CPU
		{9D0EF585-3A62-4EB9-97DE-62EB1400681B}.Debug|x64.Build.0 = Debug|Any CPU
		{9D0EF585-3A62-4EB9-97DE-62EB1400681B}.Debug|x86.ActiveCfg = Debug|Any CPU
		{9D0EF585-3A62-4EB9-97DE-62EB1400681B}.Debug|x86.Build.0 = Debug|Any CPU
		{9D0EF585-3A62-4EB9-97DE-62EB1400681B}.Release|Any CPU.ActiveCfg = Release|Any CPU
		{9D0EF585-3A62-4EB9-97DE-62EB1400681B}.Release|Any CPU.Build.0 = Release|Any CPU
		{9D0EF585-3A62-4EB9-97DE-62EB1400681B}.Release|x64.ActiveCfg = Release|Any CPU
		{9D0EF585-3A62-4EB9-97DE-62EB1400681B}.Release|x64.Build.0 = Release|Any CPU
		{9D0EF585-3A62-4EB9-97DE-62EB1400681B}.Release|x86.ActiveCfg = Release|Any CPU
		{9D0EF585-3A62-4EB9-97DE-62EB1400681B}.Release|x86.Build.0 = Release|Any CPU
		{34D01714-B73F-4878-9F38-9C77353AEB47}.Debug|Any CPU.ActiveCfg = Debug|Any CPU
		{34D01714-B73F-4878-9F38-9C77353AEB47}.Debug|Any CPU.Build.0 = Debug|Any CPU
		{34D01714-B73F-4878-9F38-9C77353AEB47}.Debug|x64.ActiveCfg = Debug|Any CPU
		{34D01714-B73F-4878-9F38-9C77353AEB47}.Debug|x64.Build.0 = Debug|Any CPU
		{34D01714-B73F-4878-9F38-9C77353AEB47}.Debug|x86.ActiveCfg = Debug|Any CPU
		{34D01714-B73F-4878-9F38-9C77353AEB47}.Debug|x86.Build.0 = Debug|Any CPU
		{34D01714-B73F-4878-9F38-9C77353AEB47}.Release|Any CPU.ActiveCfg = Release|Any CPU
		{34D01714-B73F-4878-9F38-9C77353AEB47}.Release|Any CPU.Build.0 = Release|Any CPU
		{34D01714-B73F-4878-9F38-9C77353AEB47}.Release|x64.ActiveCfg = Release|Any CPU
		{34D01714-B73F-4878-9F38-9C77353AEB47}.Release|x64.Build.0 = Release|Any CPU
		{34D01714-B73F-4878-9F38-9C77353AEB47}.Release|x86.ActiveCfg = Release|Any CPU
		{34D01714-B73F-4878-9F38-9C77353AEB47}.Release|x86.Build.0 = Release|Any CPU
		{FAF55792-BC89-4E34-BDF8-5726108082D4}.Debug|Any CPU.ActiveCfg = Debug|Any CPU
		{FAF55792-BC89-4E34-BDF8-5726108082D4}.Debug|Any CPU.Build.0 = Debug|Any CPU
		{FAF55792-BC89-4E34-BDF8-5726108082D4}.Debug|x64.ActiveCfg = Debug|Any CPU
		{FAF55792-BC89-4E34-BDF8-5726108082D4}.Debug|x64.Build.0 = Debug|Any CPU
		{FAF55792-BC89-4E34-BDF8-5726108082D4}.Debug|x86.ActiveCfg = Debug|Any CPU
		{FAF55792-BC89-4E34-BDF8-5726108082D4}.Debug|x86.Build.0 = Debug|Any CPU
		{FAF55792-BC89-4E34-BDF8-5726108082D4}.Release|Any CPU.ActiveCfg = Release|Any CPU
		{FAF55792-BC89-4E34-BDF8-5726108082D4}.Release|Any CPU.Build.0 = Release|Any CPU
		{FAF55792-BC89-4E34-BDF8-5726108082D4}.Release|x64.ActiveCfg = Release|Any CPU
		{FAF55792-BC89-4E34-BDF8-5726108082D4}.Release|x64.Build.0 = Release|Any CPU
		{FAF55792-BC89-4E34-BDF8-5726108082D4}.Release|x86.ActiveCfg = Release|Any CPU
		{FAF55792-BC89-4E34-BDF8-5726108082D4}.Release|x86.Build.0 = Release|Any CPU
		{DB93F916-1EEE-414E-A31D-A130DD2EA91A}.Debug|Any CPU.ActiveCfg = Debug|Any CPU
		{DB93F916-1EEE-414E-A31D-A130DD2EA91A}.Debug|Any CPU.Build.0 = Debug|Any CPU
		{DB93F916-1EEE-414E-A31D-A130DD2EA91A}.Debug|x64.ActiveCfg = Debug|Any CPU
		{DB93F916-1EEE-414E-A31D-A130DD2EA91A}.Debug|x64.Build.0 = Debug|Any CPU
		{DB93F916-1EEE-414E-A31D-A130DD2EA91A}.Debug|x86.ActiveCfg = Debug|Any CPU
		{DB93F916-1EEE-414E-A31D-A130DD2EA91A}.Debug|x86.Build.0 = Debug|Any CPU
		{DB93F916-1EEE-414E-A31D-A130DD2EA91A}.Release|Any CPU.ActiveCfg = Release|Any CPU
		{DB93F916-1EEE-414E-A31D-A130DD2EA91A}.Release|Any CPU.Build.0 = Release|Any CPU
		{DB93F916-1EEE-414E-A31D-A130DD2EA91A}.Release|x64.ActiveCfg = Release|Any CPU
		{DB93F916-1EEE-414E-A31D-A130DD2EA91A}.Release|x64.Build.0 = Release|Any CPU
		{DB93F916-1EEE-414E-A31D-A130DD2EA91A}.Release|x86.ActiveCfg = Release|Any CPU
		{DB93F916-1EEE-414E-A31D-A130DD2EA91A}.Release|x86.Build.0 = Release|Any CPU
		{B4933D7D-2A96-4DED-ADD1-D947E6050F45}.Debug|Any CPU.ActiveCfg = Debug|Any CPU
		{B4933D7D-2A96-4DED-ADD1-D947E6050F45}.Debug|Any CPU.Build.0 = Debug|Any CPU
		{B4933D7D-2A96-4DED-ADD1-D947E6050F45}.Debug|x64.ActiveCfg = Debug|Any CPU
		{B4933D7D-2A96-4DED-ADD1-D947E6050F45}.Debug|x64.Build.0 = Debug|Any CPU
		{B4933D7D-2A96-4DED-ADD1-D947E6050F45}.Debug|x86.ActiveCfg = Debug|Any CPU
		{B4933D7D-2A96-4DED-ADD1-D947E6050F45}.Debug|x86.Build.0 = Debug|Any CPU
		{B4933D7D-2A96-4DED-ADD1-D947E6050F45}.Release|Any CPU.ActiveCfg = Release|Any CPU
		{B4933D7D-2A96-4DED-ADD1-D947E6050F45}.Release|Any CPU.Build.0 = Release|Any CPU
		{B4933D7D-2A96-4DED-ADD1-D947E6050F45}.Release|x64.ActiveCfg = Release|Any CPU
		{B4933D7D-2A96-4DED-ADD1-D947E6050F45}.Release|x64.Build.0 = Release|Any CPU
		{B4933D7D-2A96-4DED-ADD1-D947E6050F45}.Release|x86.ActiveCfg = Release|Any CPU
		{B4933D7D-2A96-4DED-ADD1-D947E6050F45}.Release|x86.Build.0 = Release|Any CPU
		{8A878317-6AAE-4CA4-B305-F9B2526AAB03}.Debug|Any CPU.ActiveCfg = Debug|Any CPU
		{8A878317-6AAE-4CA4-B305-F9B2526AAB03}.Debug|Any CPU.Build.0 = Debug|Any CPU
		{8A878317-6AAE-4CA4-B305-F9B2526AAB03}.Debug|x64.ActiveCfg = Debug|Any CPU
		{8A878317-6AAE-4CA4-B305-F9B2526AAB03}.Debug|x64.Build.0 = Debug|Any CPU
		{8A878317-6AAE-4CA4-B305-F9B2526AAB03}.Debug|x86.ActiveCfg = Debug|Any CPU
		{8A878317-6AAE-4CA4-B305-F9B2526AAB03}.Debug|x86.Build.0 = Debug|Any CPU
		{8A878317-6AAE-4CA4-B305-F9B2526AAB03}.Release|Any CPU.ActiveCfg = Release|Any CPU
		{8A878317-6AAE-4CA4-B305-F9B2526AAB03}.Release|Any CPU.Build.0 = Release|Any CPU
		{8A878317-6AAE-4CA4-B305-F9B2526AAB03}.Release|x64.ActiveCfg = Release|Any CPU
		{8A878317-6AAE-4CA4-B305-F9B2526AAB03}.Release|x64.Build.0 = Release|Any CPU
		{8A878317-6AAE-4CA4-B305-F9B2526AAB03}.Release|x86.ActiveCfg = Release|Any CPU
		{8A878317-6AAE-4CA4-B305-F9B2526AAB03}.Release|x86.Build.0 = Release|Any CPU
		{C60719B4-F3DC-457A-91E7-82B5D87F05C1}.Debug|Any CPU.ActiveCfg = Debug|Any CPU
		{C60719B4-F3DC-457A-91E7-82B5D87F05C1}.Debug|Any CPU.Build.0 = Debug|Any CPU
		{C60719B4-F3DC-457A-91E7-82B5D87F05C1}.Debug|x64.ActiveCfg = Debug|Any CPU
		{C60719B4-F3DC-457A-91E7-82B5D87F05C1}.Debug|x64.Build.0 = Debug|Any CPU
		{C60719B4-F3DC-457A-91E7-82B5D87F05C1}.Debug|x86.ActiveCfg = Debug|Any CPU
		{C60719B4-F3DC-457A-91E7-82B5D87F05C1}.Debug|x86.Build.0 = Debug|Any CPU
		{C60719B4-F3DC-457A-91E7-82B5D87F05C1}.Release|Any CPU.ActiveCfg = Release|Any CPU
		{C60719B4-F3DC-457A-91E7-82B5D87F05C1}.Release|Any CPU.Build.0 = Release|Any CPU
		{C60719B4-F3DC-457A-91E7-82B5D87F05C1}.Release|x64.ActiveCfg = Release|Any CPU
		{C60719B4-F3DC-457A-91E7-82B5D87F05C1}.Release|x64.Build.0 = Release|Any CPU
		{C60719B4-F3DC-457A-91E7-82B5D87F05C1}.Release|x86.ActiveCfg = Release|Any CPU
		{C60719B4-F3DC-457A-91E7-82B5D87F05C1}.Release|x86.Build.0 = Release|Any CPU
		{E600397B-0BA4-4ED5-8422-F9028B88ED29}.Debug|Any CPU.ActiveCfg = Debug|Any CPU
		{E600397B-0BA4-4ED5-8422-F9028B88ED29}.Debug|Any CPU.Build.0 = Debug|Any CPU
		{E600397B-0BA4-4ED5-8422-F9028B88ED29}.Debug|x64.ActiveCfg = Debug|Any CPU
		{E600397B-0BA4-4ED5-8422-F9028B88ED29}.Debug|x64.Build.0 = Debug|Any CPU
		{E600397B-0BA4-4ED5-8422-F9028B88ED29}.Debug|x86.ActiveCfg = Debug|Any CPU
		{E600397B-0BA4-4ED5-8422-F9028B88ED29}.Debug|x86.Build.0 = Debug|Any CPU
		{E600397B-0BA4-4ED5-8422-F9028B88ED29}.Release|Any CPU.ActiveCfg = Release|Any CPU
		{E600397B-0BA4-4ED5-8422-F9028B88ED29}.Release|Any CPU.Build.0 = Release|Any CPU
		{E600397B-0BA4-4ED5-8422-F9028B88ED29}.Release|x64.ActiveCfg = Release|Any CPU
		{E600397B-0BA4-4ED5-8422-F9028B88ED29}.Release|x64.Build.0 = Release|Any CPU
		{E600397B-0BA4-4ED5-8422-F9028B88ED29}.Release|x86.ActiveCfg = Release|Any CPU
		{E600397B-0BA4-4ED5-8422-F9028B88ED29}.Release|x86.Build.0 = Release|Any CPU
		{12B10C21-FCDD-44B5-B332-176D86FE8CF9}.Debug|Any CPU.ActiveCfg = Debug|Any CPU
		{12B10C21-FCDD-44B5-B332-176D86FE8CF9}.Debug|Any CPU.Build.0 = Debug|Any CPU
		{12B10C21-FCDD-44B5-B332-176D86FE8CF9}.Debug|x64.ActiveCfg = Debug|Any CPU
		{12B10C21-FCDD-44B5-B332-176D86FE8CF9}.Debug|x64.Build.0 = Debug|Any CPU
		{12B10C21-FCDD-44B5-B332-176D86FE8CF9}.Debug|x86.ActiveCfg = Debug|Any CPU
		{12B10C21-FCDD-44B5-B332-176D86FE8CF9}.Debug|x86.Build.0 = Debug|Any CPU
		{12B10C21-FCDD-44B5-B332-176D86FE8CF9}.Release|Any CPU.ActiveCfg = Release|Any CPU
		{12B10C21-FCDD-44B5-B332-176D86FE8CF9}.Release|Any CPU.Build.0 = Release|Any CPU
		{12B10C21-FCDD-44B5-B332-176D86FE8CF9}.Release|x64.ActiveCfg = Release|Any CPU
		{12B10C21-FCDD-44B5-B332-176D86FE8CF9}.Release|x64.Build.0 = Release|Any CPU
		{12B10C21-FCDD-44B5-B332-176D86FE8CF9}.Release|x86.ActiveCfg = Release|Any CPU
		{12B10C21-FCDD-44B5-B332-176D86FE8CF9}.Release|x86.Build.0 = Release|Any CPU
		{7CE64786-9F7F-4911-B4B5-42F48B9B863B}.Debug|Any CPU.ActiveCfg = Debug|Any CPU
		{7CE64786-9F7F-4911-B4B5-42F48B9B863B}.Debug|Any CPU.Build.0 = Debug|Any CPU
		{7CE64786-9F7F-4911-B4B5-42F48B9B863B}.Debug|x64.ActiveCfg = Debug|Any CPU
		{7CE64786-9F7F-4911-B4B5-42F48B9B863B}.Debug|x64.Build.0 = Debug|Any CPU
		{7CE64786-9F7F-4911-B4B5-42F48B9B863B}.Debug|x86.ActiveCfg = Debug|Any CPU
		{7CE64786-9F7F-4911-B4B5-42F48B9B863B}.Debug|x86.Build.0 = Debug|Any CPU
		{7CE64786-9F7F-4911-B4B5-42F48B9B863B}.Release|Any CPU.ActiveCfg = Release|Any CPU
		{7CE64786-9F7F-4911-B4B5-42F48B9B863B}.Release|Any CPU.Build.0 = Release|Any CPU
		{7CE64786-9F7F-4911-B4B5-42F48B9B863B}.Release|x64.ActiveCfg = Release|Any CPU
		{7CE64786-9F7F-4911-B4B5-42F48B9B863B}.Release|x64.Build.0 = Release|Any CPU
		{7CE64786-9F7F-4911-B4B5-42F48B9B863B}.Release|x86.ActiveCfg = Release|Any CPU
		{7CE64786-9F7F-4911-B4B5-42F48B9B863B}.Release|x86.Build.0 = Release|Any CPU
		{30B5479C-D498-49A3-8E1E-561E3DA1F51A}.Debug|Any CPU.ActiveCfg = Debug|Any CPU
		{30B5479C-D498-49A3-8E1E-561E3DA1F51A}.Debug|Any CPU.Build.0 = Debug|Any CPU
		{30B5479C-D498-49A3-8E1E-561E3DA1F51A}.Debug|x64.ActiveCfg = Debug|Any CPU
		{30B5479C-D498-49A3-8E1E-561E3DA1F51A}.Debug|x64.Build.0 = Debug|Any CPU
		{30B5479C-D498-49A3-8E1E-561E3DA1F51A}.Debug|x86.ActiveCfg = Debug|Any CPU
		{30B5479C-D498-49A3-8E1E-561E3DA1F51A}.Debug|x86.Build.0 = Debug|Any CPU
		{30B5479C-D498-49A3-8E1E-561E3DA1F51A}.Release|Any CPU.ActiveCfg = Release|Any CPU
		{30B5479C-D498-49A3-8E1E-561E3DA1F51A}.Release|Any CPU.Build.0 = Release|Any CPU
		{30B5479C-D498-49A3-8E1E-561E3DA1F51A}.Release|x64.ActiveCfg = Release|Any CPU
		{30B5479C-D498-49A3-8E1E-561E3DA1F51A}.Release|x64.Build.0 = Release|Any CPU
		{30B5479C-D498-49A3-8E1E-561E3DA1F51A}.Release|x86.ActiveCfg = Release|Any CPU
		{30B5479C-D498-49A3-8E1E-561E3DA1F51A}.Release|x86.Build.0 = Release|Any CPU
		{EF9A67D8-A547-424B-8436-421D443C4A5B}.Debug|Any CPU.ActiveCfg = Debug|Any CPU
		{EF9A67D8-A547-424B-8436-421D443C4A5B}.Debug|Any CPU.Build.0 = Debug|Any CPU
		{EF9A67D8-A547-424B-8436-421D443C4A5B}.Debug|x64.ActiveCfg = Debug|Any CPU
		{EF9A67D8-A547-424B-8436-421D443C4A5B}.Debug|x64.Build.0 = Debug|Any CPU
		{EF9A67D8-A547-424B-8436-421D443C4A5B}.Debug|x86.ActiveCfg = Debug|Any CPU
		{EF9A67D8-A547-424B-8436-421D443C4A5B}.Debug|x86.Build.0 = Debug|Any CPU
		{EF9A67D8-A547-424B-8436-421D443C4A5B}.Release|Any CPU.ActiveCfg = Release|Any CPU
		{EF9A67D8-A547-424B-8436-421D443C4A5B}.Release|Any CPU.Build.0 = Release|Any CPU
		{EF9A67D8-A547-424B-8436-421D443C4A5B}.Release|x64.ActiveCfg = Release|Any CPU
		{EF9A67D8-A547-424B-8436-421D443C4A5B}.Release|x64.Build.0 = Release|Any CPU
		{EF9A67D8-A547-424B-8436-421D443C4A5B}.Release|x86.ActiveCfg = Release|Any CPU
		{EF9A67D8-A547-424B-8436-421D443C4A5B}.Release|x86.Build.0 = Release|Any CPU
		{60B40D4D-5E40-421D-8E1B-7379801D8F34}.Debug|Any CPU.ActiveCfg = Debug|Any CPU
		{60B40D4D-5E40-421D-8E1B-7379801D8F34}.Debug|Any CPU.Build.0 = Debug|Any CPU
		{60B40D4D-5E40-421D-8E1B-7379801D8F34}.Debug|x64.ActiveCfg = Debug|Any CPU
		{60B40D4D-5E40-421D-8E1B-7379801D8F34}.Debug|x64.Build.0 = Debug|Any CPU
		{60B40D4D-5E40-421D-8E1B-7379801D8F34}.Debug|x86.ActiveCfg = Debug|Any CPU
		{60B40D4D-5E40-421D-8E1B-7379801D8F34}.Debug|x86.Build.0 = Debug|Any CPU
		{60B40D4D-5E40-421D-8E1B-7379801D8F34}.Release|Any CPU.ActiveCfg = Release|Any CPU
		{60B40D4D-5E40-421D-8E1B-7379801D8F34}.Release|Any CPU.Build.0 = Release|Any CPU
		{60B40D4D-5E40-421D-8E1B-7379801D8F34}.Release|x64.ActiveCfg = Release|Any CPU
		{60B40D4D-5E40-421D-8E1B-7379801D8F34}.Release|x64.Build.0 = Release|Any CPU
		{60B40D4D-5E40-421D-8E1B-7379801D8F34}.Release|x86.ActiveCfg = Release|Any CPU
		{60B40D4D-5E40-421D-8E1B-7379801D8F34}.Release|x86.Build.0 = Release|Any CPU
		{777B2A25-BE79-49C1-B216-3C5FB0C4DC19}.Debug|Any CPU.ActiveCfg = Debug|Any CPU
		{777B2A25-BE79-49C1-B216-3C5FB0C4DC19}.Debug|Any CPU.Build.0 = Debug|Any CPU
		{777B2A25-BE79-49C1-B216-3C5FB0C4DC19}.Debug|x64.ActiveCfg = Debug|Any CPU
		{777B2A25-BE79-49C1-B216-3C5FB0C4DC19}.Debug|x64.Build.0 = Debug|Any CPU
		{777B2A25-BE79-49C1-B216-3C5FB0C4DC19}.Debug|x86.ActiveCfg = Debug|Any CPU
		{777B2A25-BE79-49C1-B216-3C5FB0C4DC19}.Debug|x86.Build.0 = Debug|Any CPU
		{777B2A25-BE79-49C1-B216-3C5FB0C4DC19}.Release|Any CPU.ActiveCfg = Release|Any CPU
		{777B2A25-BE79-49C1-B216-3C5FB0C4DC19}.Release|Any CPU.Build.0 = Release|Any CPU
		{777B2A25-BE79-49C1-B216-3C5FB0C4DC19}.Release|x64.ActiveCfg = Release|Any CPU
		{777B2A25-BE79-49C1-B216-3C5FB0C4DC19}.Release|x64.Build.0 = Release|Any CPU
		{777B2A25-BE79-49C1-B216-3C5FB0C4DC19}.Release|x86.ActiveCfg = Release|Any CPU
		{777B2A25-BE79-49C1-B216-3C5FB0C4DC19}.Release|x86.Build.0 = Release|Any CPU
		{DAFA7D07-DCD4-4F49-B2CE-9D6C5C0A2301}.Debug|Any CPU.ActiveCfg = Debug|Any CPU
		{DAFA7D07-DCD4-4F49-B2CE-9D6C5C0A2301}.Debug|Any CPU.Build.0 = Debug|Any CPU
		{DAFA7D07-DCD4-4F49-B2CE-9D6C5C0A2301}.Debug|x64.ActiveCfg = Debug|Any CPU
		{DAFA7D07-DCD4-4F49-B2CE-9D6C5C0A2301}.Debug|x64.Build.0 = Debug|Any CPU
		{DAFA7D07-DCD4-4F49-B2CE-9D6C5C0A2301}.Debug|x86.ActiveCfg = Debug|Any CPU
		{DAFA7D07-DCD4-4F49-B2CE-9D6C5C0A2301}.Debug|x86.Build.0 = Debug|Any CPU
		{DAFA7D07-DCD4-4F49-B2CE-9D6C5C0A2301}.Release|Any CPU.ActiveCfg = Release|Any CPU
		{DAFA7D07-DCD4-4F49-B2CE-9D6C5C0A2301}.Release|Any CPU.Build.0 = Release|Any CPU
		{DAFA7D07-DCD4-4F49-B2CE-9D6C5C0A2301}.Release|x64.ActiveCfg = Release|Any CPU
		{DAFA7D07-DCD4-4F49-B2CE-9D6C5C0A2301}.Release|x64.Build.0 = Release|Any CPU
		{DAFA7D07-DCD4-4F49-B2CE-9D6C5C0A2301}.Release|x86.ActiveCfg = Release|Any CPU
		{DAFA7D07-DCD4-4F49-B2CE-9D6C5C0A2301}.Release|x86.Build.0 = Release|Any CPU
		{16BB0B57-7689-4B63-A9E8-721A148BEEA0}.Debug|Any CPU.ActiveCfg = Debug|Any CPU
		{16BB0B57-7689-4B63-A9E8-721A148BEEA0}.Debug|Any CPU.Build.0 = Debug|Any CPU
		{16BB0B57-7689-4B63-A9E8-721A148BEEA0}.Debug|x64.ActiveCfg = Debug|Any CPU
		{16BB0B57-7689-4B63-A9E8-721A148BEEA0}.Debug|x64.Build.0 = Debug|Any CPU
		{16BB0B57-7689-4B63-A9E8-721A148BEEA0}.Debug|x86.ActiveCfg = Debug|Any CPU
		{16BB0B57-7689-4B63-A9E8-721A148BEEA0}.Debug|x86.Build.0 = Debug|Any CPU
		{16BB0B57-7689-4B63-A9E8-721A148BEEA0}.Release|Any CPU.ActiveCfg = Release|Any CPU
		{16BB0B57-7689-4B63-A9E8-721A148BEEA0}.Release|Any CPU.Build.0 = Release|Any CPU
		{16BB0B57-7689-4B63-A9E8-721A148BEEA0}.Release|x64.ActiveCfg = Release|Any CPU
		{16BB0B57-7689-4B63-A9E8-721A148BEEA0}.Release|x64.Build.0 = Release|Any CPU
		{16BB0B57-7689-4B63-A9E8-721A148BEEA0}.Release|x86.ActiveCfg = Release|Any CPU
		{16BB0B57-7689-4B63-A9E8-721A148BEEA0}.Release|x86.Build.0 = Release|Any CPU
	EndGlobalSection
	GlobalSection(SolutionProperties) = preSolution
		HideSolutionNode = FALSE
	EndGlobalSection
	GlobalSection(NestedProjects) = preSolution
		{5DE7C181-195F-4F49-9FF0-814F59814D2F} = {827E0CD3-B72D-47B6-A68D-7590B98EB39B}
		{AE045EED-FDCC-4284-A96E-E73378FC07F0} = {827E0CD3-B72D-47B6-A68D-7590B98EB39B}
		{FC5D7FC3-D0DF-4959-A77C-2D364C938DF5} = {827E0CD3-B72D-47B6-A68D-7590B98EB39B}
		{F4A5731F-3D49-4666-B0E1-2FDEFA1B1239} = {827E0CD3-B72D-47B6-A68D-7590B98EB39B}
		{7362A30C-4380-4D9E-B0FD-02771436A5BB} = {827E0CD3-B72D-47B6-A68D-7590B98EB39B}
		{48ADCF36-0A69-4DCC-903E-2CB76EBB1C6E} = {827E0CD3-B72D-47B6-A68D-7590B98EB39B}
		{A63BDD3D-DC33-45F4-BB7C-1358B9F9B3A4} = {827E0CD3-B72D-47B6-A68D-7590B98EB39B}
		{BAA60949-F432-4B98-A1FA-85283F0D6698} = {827E0CD3-B72D-47B6-A68D-7590B98EB39B}
		{39B59DEB-1148-4DBE-8BE6-D8BC7EC70785} = {827E0CD3-B72D-47B6-A68D-7590B98EB39B}
		{9D0EF585-3A62-4EB9-97DE-62EB1400681B} = {827E0CD3-B72D-47B6-A68D-7590B98EB39B}
		{34D01714-B73F-4878-9F38-9C77353AEB47} = {827E0CD3-B72D-47B6-A68D-7590B98EB39B}
		{FAF55792-BC89-4E34-BDF8-5726108082D4} = {827E0CD3-B72D-47B6-A68D-7590B98EB39B}
		{DB93F916-1EEE-414E-A31D-A130DD2EA91A} = {827E0CD3-B72D-47B6-A68D-7590B98EB39B}
		{B4933D7D-2A96-4DED-ADD1-D947E6050F45} = {0AB3BF05-4346-4AA6-1389-037BE0695223}
		{8A878317-6AAE-4CA4-B305-F9B2526AAB03} = {0AB3BF05-4346-4AA6-1389-037BE0695223}
		{C60719B4-F3DC-457A-91E7-82B5D87F05C1} = {0AB3BF05-4346-4AA6-1389-037BE0695223}
		{E600397B-0BA4-4ED5-8422-F9028B88ED29} = {0AB3BF05-4346-4AA6-1389-037BE0695223}
		{12B10C21-FCDD-44B5-B332-176D86FE8CF9} = {0AB3BF05-4346-4AA6-1389-037BE0695223}
		{7CE64786-9F7F-4911-B4B5-42F48B9B863B} = {0AB3BF05-4346-4AA6-1389-037BE0695223}
		{30B5479C-D498-49A3-8E1E-561E3DA1F51A} = {0AB3BF05-4346-4AA6-1389-037BE0695223}
		{EF9A67D8-A547-424B-8436-421D443C4A5B} = {0AB3BF05-4346-4AA6-1389-037BE0695223}
		{60B40D4D-5E40-421D-8E1B-7379801D8F34} = {0AB3BF05-4346-4AA6-1389-037BE0695223}
		{777B2A25-BE79-49C1-B216-3C5FB0C4DC19} = {0AB3BF05-4346-4AA6-1389-037BE0695223}
		{DAFA7D07-DCD4-4F49-B2CE-9D6C5C0A2301} = {0AB3BF05-4346-4AA6-1389-037BE0695223}
		{16BB0B57-7689-4B63-A9E8-721A148BEEA0} = {0AB3BF05-4346-4AA6-1389-037BE0695223}
	EndGlobalSection
EndGlobal
