
Microsoft Visual Studio Solution File, Format Version 12.00
# Visual Studio Version 17
VisualStudioVersion = 17.12.35707.178
MinimumVisualStudioVersion = 10.0.40219.1
Project("{FAE04EC0-301F-11D3-BF4B-00C04F79EFBC}") = "RayTree", "RayTree\RayTree.csproj", "{A5F335D3-5A63-444A-A760-C7788372CFF2}"
EndProject
Project("{2150E333-8FDC-42A3-9474-1A3956D46DE8}") = "Solution Items", "Solution Items", "{C85E5376-269D-4BD4-8914-F4777D223246}"
	ProjectSection(SolutionItems) = preProject
		..\.editorconfig = ..\.editorconfig
		..\.gitignore = ..\.gitignore
		..\LICENSE = ..\LICENSE
		..\README.md = ..\README.md
	EndProjectSection
EndProject
Project("{FAE04EC0-301F-11D3-BF4B-00C04F79EFBC}") = "RayTree.Tests", "RayTree.Tests\RayTree.Tests.csproj", "{C7E2F484-DFFD-4685-A444-B4F6F18AB341}"
EndProject
Global
	GlobalSection(SolutionConfigurationPlatforms) = preSolution
		Debug|Any CPU = Debug|Any CPU
		Release|Any CPU = Release|Any CPU
	EndGlobalSection
	GlobalSection(ProjectConfigurationPlatforms) = postSolution
		{A5F335D3-5A63-444A-A760-C7788372CFF2}.Debug|Any CPU.ActiveCfg = Debug|Any CPU
		{A5F335D3-5A63-444A-A760-C7788372CFF2}.Debug|Any CPU.Build.0 = Debug|Any CPU
		{A5F335D3-5A63-444A-A760-C7788372CFF2}.Release|Any CPU.ActiveCfg = Release|Any CPU
		{A5F335D3-5A63-444A-A760-C7788372CFF2}.Release|Any CPU.Build.0 = Release|Any CPU
		{C7E2F484-DFFD-4685-A444-B4F6F18AB341}.Debug|Any CPU.ActiveCfg = Debug|Any CPU
		{C7E2F484-DFFD-4685-A444-B4F6F18AB341}.Debug|Any CPU.Build.0 = Debug|Any CPU
		{C7E2F484-DFFD-4685-A444-B4F6F18AB341}.Release|Any CPU.ActiveCfg = Release|Any CPU
		{C7E2F484-DFFD-4685-A444-B4F6F18AB341}.Release|Any CPU.Build.0 = Release|Any CPU
	EndGlobalSection
	GlobalSection(SolutionProperties) = preSolution
		HideSolutionNode = FALSE
	EndGlobalSection
EndGlobal
